{
  "nodes": {
    "brew-src": {
      "flake": false,
      "locked": {
        "lastModified": 1784068757,
        "narHash": "sha256-7KnV7rTlMpys+2J+TFVxUDDyKPLXFs4wIMtckMC72VM=",
        "owner": "Homebrew",
        "repo": "brew",
        "rev": "6bd951d96e7ebc54787799dba77bfb26ec956c4c",
        "type": "github"
      },
      "original": {
        "owner": "Homebrew",
        "ref": "6.0.11",
        "repo": "brew",
        "type": "github"
      }
    },
    "home-manager": {
      "inputs": {
        "nixpkgs": [
          "nixpkgs"
        ]
      },
      "locked": {
        "lastModified": 1784407317,
        "narHash": "sha256-iZrxHToDJWnvt+5LGAtvuQMTy1NZYlNEKbKaVtBJNcc=",
        "owner": "nix-community",
        "repo": "home-manager",
        "rev": "39411a8e12a5526d992e65bc7e3dc9a4414d6713",
        "type": "github"
      },
      "original": {
        "owner": "nix-community",
        "ref": "master",
        "repo": "home-manager",
        "type": "github"
      }
    },
    "nix-darwin": {
      "inputs": {
        "nixpkgs": [
          "nixpkgs"
        ]
      },
      "locked": {
        "lastModified": 1784362797,
        "narHash": "sha256-EP9b9b+OXDxHBPefFwMYCIaLq0fn3UkmrbfzbLUT7kQ=",
        "rev": "b4cccbd4bc299c1f71ae185b79c3cf99aa82805c",
        "revCount": 2396,
        "type": "tarball",
        "url": "https://api.flakehub.com/f/pinned/nix-darwin/nix-darwin/0.1.2396%2Brev-b4cccbd4bc299c1f71ae185b79c3cf99aa82805c/019f7483-ef28-70e0-bd50-d920aa7ad59d/source.tar.gz"
      },
      "original": {
        "type": "tarball",
        "url": "https://flakehub.com/f/nix-darwin/nix-darwin/0.1"
      }
    },
    "nix-homebrew": {
      "inputs": {
        "brew-src": "brew-src"
      },
      "locked": {
        "lastModified": 1784159664,
        "narHash": "sha256-I/B6YoRLImHEqNWh8bs+tPjEDeteACeFhcLyoSMo1GE=",
        "owner": "zhaofengli-wip",
        "repo": "nix-homebrew",
        "rev": "842eeb863ecca0eeb463f7a814cdc51e1d925776",
        "type": "github"
      },
      "original": {
        "owner": "zhaofengli-wip",
        "repo": "nix-homebrew",
        "type": "github"
      }
    },
    "nixpkgs": {
      "locked": {
        "lastModified": 1784356753,
        "narHash": "sha256-12KrbMiWLcf8m7pCvAtZh1ZrgF85ZXDXvfR/fWTKy84=",
        "rev": "61b7c44c4073f0b827768aff0049561b5110ea5a",
        "revCount": 1036777,
        "type": "tarball",
        "url": "https://api.flakehub.com/f/pinned/NixOS/nixpkgs/0.1.1036777%2Brev-61b7c44c4073f0b827768aff0049561b5110ea5a/019f755f-4937-7ed1-93d6-e2d5a2d3cca7/source.tar.gz"
      },
      "original": {
        "type": "tarball",
        "url": "https://flakehub.com/f/NixOS/nixpkgs/0.1"
      }
    },
    "nixpkgs-master": {
      "locked": {
        "lastModified": 1784418253,
        "narHash": "sha256-ZdqGZhLBZgru7vgCckKw6Eq91T32N9Tx4dMtXt+esno=",
        "owner": "NixOS",
        "repo": "nixpkgs",
        "rev": "26fc9aa847278c34807fc58d3be48320a33cc331",
        "type": "github"
      },
      "original": {
        "owner": "NixOS",
        "ref": "master",
        "repo": "nixpkgs",
        "type": "github"
      }
    },
    "nixpkgs_2": {
      "locked": {
        "lastModified": 1776683584,
        "narHash": "sha256-NuTLMrr10Tng72hurYG8jYQ4XKK8wnpJmOGcPiis96g=",
        "owner": "NixOS",
        "repo": "nixpkgs",
        "rev": "9dd5558b06dbdacbf635a3dd36dce1b1a7ee3a89",
        "type": "github"
      },
      "original": {
        "owner": "NixOS",
        "ref": "nixpkgs-unstable",
        "repo": "nixpkgs",
        "type": "github"
      }
    },
    "opencode": {
      "inputs": {
        "nixpkgs": "nixpkgs_2"
      },
      "locked": {
        "lastModified": 1784418918,
        "narHash": "sha256-AZmV+A58ormxxyxZhwZQMyZvlyt+i2EHh5+eLRA6rns=",
        "owner": "anomalyco",
        "repo": "opencode",
        "rev": "c310ef82f4688225d06e84d682a1871f5b6a2600",
        "type": "github"
      },
      "original": {
        "owner": "anomalyco",
        "repo": "opencode",
        "rev": "c310ef82f4688225d06e84d682a1871f5b6a2600",
        "type": "github"
      }
    },
    "root": {
      "inputs": {
        "home-manager": "home-manager",
        "nix-darwin": "nix-darwin",
        "nix-homebrew": "nix-homebrew",
        "nixpkgs": "nixpkgs",
        "nixpkgs-master": "nixpkgs-master",
        "opencode": "opencode"
      }
    }
  },
  "root": "root",
  "version": 7
}
